// !$*UTF8*$!
{
	archiveVersion = 1;
	classes = {
	};
	objectVersion = 56;
	objects = {

/* Begin PBXBuildFile section */
		711077E62CE8CC1A00051FF8 /* WishBoardApp.swift in Sources */ = {isa = PBXBuildFile; fileRef = 711077E52CE8CC1A00051FF8 /* WishBoardApp.swift */; };
		711077E82CE8CC1A00051FF8 /* ContentView.swift in Sources */ = {isa = PBXBuildFile; fileRef = 711077E72CE8CC1A00051FF8 /* ContentView.swift */; };
		711077EA2CE8CC1D00051FF8 /* Assets.xcassets in Resources */ = {isa = PBXBuildFile; fileRef = 711077E92CE8CC1D00051FF8 /* Assets.xcassets */; };
		711077ED2CE8CC1D00051FF8 /* Preview Assets.xcassets in Resources */ = {isa = PBXBuildFile; fileRef = 711077EC2CE8CC1D00051FF8 /* Preview Assets.xcassets */; };
		711077F82CE8CDAE00051FF8 /* Fontspring-DEMO-rocgroteskextrawide-regular.otf in Resources */ = {isa = PBXBuildFile; fileRef = 711077F52CE8CDAE00051FF8 /* Fontspring-DEMO-rocgroteskextrawide-regular.otf */; };
		711077F92CE8CDAE00051FF8 /* Fontspring-DEMO-rocgroteskextrawide-extrabold.otf in Resources */ = {isa = PBXBuildFile; fileRef = 711077F62CE8CDAE00051FF8 /* Fontspring-DEMO-rocgroteskextrawide-extrabold.otf */; };
		711077FA2CE8CDAE00051FF8 /* Fontspring-DEMO-rocgroteskextrawide-medium.otf in Resources */ = {isa = PBXBuildFile; fileRef = 711077F72CE8CDAE00051FF8 /* Fontspring-DEMO-rocgroteskextrawide-medium.otf */; };
		711078002CE8CDD500051FF8 /* Hauora-Medium.ttf in Resources */ = {isa = PBXBuildFile; fileRef = 711077FD2CE8CDD500051FF8 /* Hauora-Medium.ttf */; };
		711078062CE8CE9D00051FF8 /* Hauora-Regular.ttf in Resources */ = {isa = PBXBuildFile; fileRef = 711078072CE8CE9D00051FF8 /* Hauora-Regular.ttf */; };
		711078102CE8D5C900051FF8 /* Hauora-Light.ttf in Resources */ = {isa = PBXBuildFile; fileRef = 711078112CE8D5C900051FF8 /* Hauora-Light.ttf */; };
		711078132CE8D91300051FF8 /* MyBoard.swift in Sources */ = {isa = PBXBuildFile; fileRef = 711078122CE8D91300051FF8 /* MyBoard.swift */; };
		71592F542CF8D9CF00EC43E4 /* Unbounded-SemiBold.ttf in Resources */ = {isa = PBXBuildFile; fileRef = 71592F4C2CF8D9CF00EC43E4 /* Unbounded-SemiBold.ttf */; };
		71592F552CF8D9CF00EC43E4 /* Unbounded-Bold.ttf in Resources */ = {isa = PBXBuildFile; fileRef = 71592F4D2CF8D9CF00EC43E4 /* Unbounded-Bold.ttf */; };
		71592F562CF8D9CF00EC43E4 /* Unbounded-Light.ttf in Resources */ = {isa = PBXBuildFile; fileRef = 71592F4E2CF8D9CF00EC43E4 /* Unbounded-Light.ttf */; };
		71592F572CF8D9CF00EC43E4 /* Unbounded-ExtraLight.ttf in Resources */ = {isa = PBXBuildFile; fileRef = 71592F4F2CF8D9CF00EC43E4 /* Unbounded-ExtraLight.ttf */; };
		71592F582CF8D9CF00EC43E4 /* Unbounded-Regular.ttf in Resources */ = {isa = PBXBuildFile; fileRef = 71592F502CF8D9CF00EC43E4 /* Unbounded-Regular.ttf */; };
		71592F592CF8D9CF00EC43E4 /* Unbounded-ExtraBold.ttf in Resources */ = {isa = PBXBuildFile; fileRef = 71592F512CF8D9CF00EC43E4 /* Unbounded-ExtraBold.ttf */; };
		71592F5A2CF8D9CF00EC43E4 /* Unbounded-Medium.ttf in Resources */ = {isa = PBXBuildFile; fileRef = 71592F522CF8D9CF00EC43E4 /* Unbounded-Medium.ttf */; };
		71592F5B2CF8D9CF00EC43E4 /* Unbounded-Black.ttf in Resources */ = {isa = PBXBuildFile; fileRef = 71592F532CF8D9CF00EC43E4 /* Unbounded-Black.ttf */; };
		719D402F2CF9CF2E005D7CA1 /* UISystem in Frameworks */ = {isa = PBXBuildFile; productRef = 719D402E2CF9CF2E005D7CA1 /* UISystem */; };
/* End PBXBuildFile section */

/* Begin PBXFileReference section */
		711077E22CE8CC1A00051FF8 /* WishBoard.app */ = {isa = PBXFileReference; explicitFileType = wrapper.application; includeInIndex = 0; path = WishBoard.app; sourceTree = BUILT_PRODUCTS_DIR; };
		711077E52CE8CC1A00051FF8 /* WishBoardApp.swift */ = {isa = PBXFileReference; lastKnownFileType = sourcecode.swift; path = WishBoardApp.swift; sourceTree = "<group>"; };
		711077E72CE8CC1A00051FF8 /* ContentView.swift */ = {isa = PBXFileReference; lastKnownFileType = sourcecode.swift; path = ContentView.swift; sourceTree = "<group>"; };
		711077E92CE8CC1D00051FF8 /* Assets.xcassets */ = {isa = PBXFileReference; lastKnownFileType = folder.assetcatalog; path = Assets.xcassets; sourceTree = "<group>"; };
		711077EC2CE8CC1D00051FF8 /* Preview Assets.xcassets */ = {isa = PBXFileReference; lastKnownFileType = folder.assetcatalog; path = "Preview Assets.xcassets"; sourceTree = "<group>"; };
		711077F52CE8CDAE00051FF8 /* Fontspring-DEMO-rocgroteskextrawide-regular.otf */ = {isa = PBXFileReference; lastKnownFileType = file; path = "Fontspring-DEMO-rocgroteskextrawide-regular.otf"; sourceTree = "<group>"; };
		711077F62CE8CDAE00051FF8 /* Fontspring-DEMO-rocgroteskextrawide-extrabold.otf */ = {isa = PBXFileReference; lastKnownFileType = file; path = "Fontspring-DEMO-rocgroteskextrawide-extrabold.otf"; sourceTree = "<group>"; };
		711077F72CE8CDAE00051FF8 /* Fontspring-DEMO-rocgroteskextrawide-medium.otf */ = {isa = PBXFileReference; lastKnownFileType = file; path = "Fontspring-DEMO-rocgroteskextrawide-medium.otf"; sourceTree = "<group>"; };
		711077FD2CE8CDD500051FF8 /* Hauora-Medium.ttf */ = {isa = PBXFileReference; lastKnownFileType = file; path = "Hauora-Medium.ttf"; sourceTree = "<group>"; };
		711078012CE8CDEC00051FF8 /* Info.plist */ = {isa = PBXFileReference; lastKnownFileType = text.plist; path = Info.plist; sourceTree = "<group>"; };
		711078072CE8CE9D00051FF8 /* Hauora-Regular.ttf */ = {isa = PBXFileReference; lastKnownFileType = file; path = "Hauora-Regular.ttf"; sourceTree = "<group>"; };
		711078112CE8D5C900051FF8 /* Hauora-Light.ttf */ = {isa = PBXFileReference; lastKnownFileType = file; path = "Hauora-Light.ttf"; sourceTree = "<group>"; };
		711078122CE8D91300051FF8 /* MyBoard.swift */ = {isa = PBXFileReference; lastKnownFileType = sourcecode.swift; path = MyBoard.swift; sourceTree = "<group>"; };
		71592F4C2CF8D9CF00EC43E4 /* Unbounded-SemiBold.ttf */ = {isa = PBXFileReference; lastKnownFileType = file; path = "Unbounded-SemiBold.ttf"; sourceTree = "<group>"; };
		71592F4D2CF8D9CF00EC43E4 /* Unbounded-Bold.ttf */ = {isa = PBXFileReference; lastKnownFileType = file; path = "Unbounded-Bold.ttf"; sourceTree = "<group>"; };
		71592F4E2CF8D9CF00EC43E4 /* Unbounded-Light.ttf */ = {isa = PBXFileReference; lastKnownFileType = file; path = "Unbounded-Light.ttf"; sourceTree = "<group>"; };
		71592F4F2CF8D9CF00EC43E4 /* Unbounded-ExtraLight.ttf */ = {isa = PBXFileReference; lastKnownFileType = file; path = "Unbounded-ExtraLight.ttf"; sourceTree = "<group>"; };
		71592F502CF8D9CF00EC43E4 /* Unbounded-Regular.ttf */ = {isa = PBXFileReference; lastKnownFileType = file; path = "Unbounded-Regular.ttf"; sourceTree = "<group>"; };
		71592F512CF8D9CF00EC43E4 /* Unbounded-ExtraBold.ttf */ = {isa = PBXFileReference; lastKnownFileType = file; path = "Unbounded-ExtraBold.ttf"; sourceTree = "<group>"; };
		71592F522CF8D9CF00EC43E4 /* Unbounded-Medium.ttf */ = {isa = PBXFileReference; lastKnownFileType = file; path = "Unbounded-Medium.ttf"; sourceTree = "<group>"; };
		71592F532CF8D9CF00EC43E4 /* Unbounded-Black.ttf */ = {isa = PBXFileReference; lastKnownFileType = file; path = "Unbounded-Black.ttf"; sourceTree = "<group>"; };
		719D402C2CF9CA42005D7CA1 /* UISystem */ = {isa = PBXFileReference; lastKnownFileType = text; name = UISystem; path = Modules/UISystem; sourceTree = SOURCE_ROOT; };
/* End PBXFileReference section */

/* Begin PBXFrameworksBuildPhase section */
		711077DF2CE8CC1A00051FF8 /* Frameworks */ = {
			isa = PBXFrameworksBuildPhase;
			buildActionMask = 2147483647;
			files = (
				719D402F2CF9CF2E005D7CA1 /* UISystem in Frameworks */,
			);
			runOnlyForDeploymentPostprocessing = 0;
		};
/* End PBXFrameworksBuildPhase section */

/* Begin PBXGroup section */
		711077D92CE8CC1A00051FF8 = {
			isa = PBXGroup;
			children = (
				711077E42CE8CC1A00051FF8 /* WishBoard */,
				711077E32CE8CC1A00051FF8 /* Products */,
				719D402D2CF9CF2E005D7CA1 /* Frameworks */,
			);
			sourceTree = "<group>";
		};
		711077E32CE8CC1A00051FF8 /* Products */ = {
			isa = PBXGroup;
			children = (
				711077E22CE8CC1A00051FF8 /* WishBoard.app */,
			);
			name = Products;
			sourceTree = "<group>";
		};
		711077E42CE8CC1A00051FF8 /* WishBoard */ = {
			isa = PBXGroup;
			children = (
				719D402C2CF9CA42005D7CA1 /* UISystem */,
				711078012CE8CDEC00051FF8 /* Info.plist */,
				711077E52CE8CC1A00051FF8 /* WishBoardApp.swift */,
				711077E72CE8CC1A00051FF8 /* ContentView.swift */,
				711078142CE8E7A500051FF8 /* Views */,
				711077F32CE8CD4D00051FF8 /* Resources */,
				711077E92CE8CC1D00051FF8 /* Assets.xcassets */,
				711077EB2CE8CC1D00051FF8 /* Preview Content */,
			);
			path = WishBoard;
			sourceTree = "<group>";
		};
		711077EB2CE8CC1D00051FF8 /* Preview Content */ = {
			isa = PBXGroup;
			children = (
				711077EC2CE8CC1D00051FF8 /* Preview Assets.xcassets */,
			);
			path = "Preview Content";
			sourceTree = "<group>";
		};
		711077F32CE8CD4D00051FF8 /* Resources */ = {
			isa = PBXGroup;
			children = (
				711077F42CE8CD6B00051FF8 /* Fonts */,
			);
			path = Resources;
			sourceTree = "<group>";
		};
		711077F42CE8CD6B00051FF8 /* Fonts */ = {
			isa = PBXGroup;
			children = (
				711077F62CE8CDAE00051FF8 /* Fontspring-DEMO-rocgroteskextrawide-extrabold.otf */,
				711077F72CE8CDAE00051FF8 /* Fontspring-DEMO-rocgroteskextrawide-medium.otf */,
				711077F52CE8CDAE00051FF8 /* Fontspring-DEMO-rocgroteskextrawide-regular.otf */,
				711078112CE8D5C900051FF8 /* Hauora-Light.ttf */,
				711077FD2CE8CDD500051FF8 /* Hauora-Medium.ttf */,
				711078072CE8CE9D00051FF8 /* Hauora-Regular.ttf */,
				71592F532CF8D9CF00EC43E4 /* Unbounded-Black.ttf */,
				71592F4D2CF8D9CF00EC43E4 /* Unbounded-Bold.ttf */,
				71592F512CF8D9CF00EC43E4 /* Unbounded-ExtraBold.ttf */,
				71592F4F2CF8D9CF00EC43E4 /* Unbounded-ExtraLight.ttf */,
				71592F4E2CF8D9CF00EC43E4 /* Unbounded-Light.ttf */,
				71592F522CF8D9CF00EC43E4 /* Unbounded-Medium.ttf */,
				71592F502CF8D9CF00EC43E4 /* Unbounded-Regular.ttf */,
				71592F4C2CF8D9CF00EC43E4 /* Unbounded-SemiBold.ttf */,
			);
			path = Fonts;
			sourceTree = "<group>";
		};
		711078142CE8E7A500051FF8 /* Views */ = {
			isa = PBXGroup;
			children = (
				711078152CE8E7AE00051FF8 /* MyBoard */,
			);
			path = Views;
			sourceTree = "<group>";
		};
		711078152CE8E7AE00051FF8 /* MyBoard */ = {
			isa = PBXGroup;
			children = (
				711078122CE8D91300051FF8 /* MyBoard.swift */,
			);
			path = MyBoard;
			sourceTree = "<group>";
		};
		719D402D2CF9CF2E005D7CA1 /* Frameworks */ = {
			isa = PBXGroup;
			children = (
			);
			name = Frameworks;
			sourceTree = "<group>";
		};
/* End PBXGroup section */

/* Begin PBXNativeTarget section */
		711077E12CE8CC1A00051FF8 /* WishBoard */ = {
			isa = PBXNativeTarget;
			buildConfigurationList = 711077F02CE8CC1D00051FF8 /* Build configuration list for PBXNativeTarget "WishBoard" */;
			buildPhases = (
				711077DE2CE8CC1A00051FF8 /* Sources */,
				711077DF2CE8CC1A00051FF8 /* Frameworks */,
				711077E02CE8CC1A00051FF8 /* Resources */,
			);
			buildRules = (
			);
			dependencies = (
			);
			name = WishBoard;
			packageProductDependencies = (
				719D402E2CF9CF2E005D7CA1 /* UISystem */,
			);
			productName = WishBoard;
			productReference = 711077E22CE8CC1A00051FF8 /* WishBoard.app */;
			productType = "com.apple.product-type.application";
		};
/* End PBXNativeTarget section */

/* Begin PBXProject section */
		711077DA2CE8CC1A00051FF8 /* Project object */ = {
			isa = PBXProject;
			attributes = {
				BuildIndependentTargetsInParallel = 1;
				LastSwiftUpdateCheck = 1520;
				LastUpgradeCheck = 1520;
				TargetAttributes = {
					711077E12CE8CC1A00051FF8 = {
						CreatedOnToolsVersion = 15.2;
					};
				};
			};
			buildConfigurationList = 711077DD2CE8CC1A00051FF8 /* Build configuration list for PBXProject "WishBoard" */;
			compatibilityVersion = "Xcode 14.0";
			developmentRegion = en;
			hasScannedForEncodings = 0;
			knownRegions = (
				en,
				Base,
			);
			mainGroup = 711077D92CE8CC1A00051FF8;
			productRefGroup = 711077E32CE8CC1A00051FF8 /* Products */;
			projectDirPath = "";
			projectRoot = "";
			targets = (
				711077E12CE8CC1A00051FF8 /* WishBoard */,
			);
		};
/* End PBXProject section */

/* Begin PBXResourcesBuildPhase section */
		711077E02CE8CC1A00051FF8 /* Resources */ = {
			isa = PBXResourcesBuildPhase;
			buildActionMask = 2147483647;
			files = (
				711077ED2CE8CC1D00051FF8 /* Preview Assets.xcassets in Resources */,
				711078062CE8CE9D00051FF8 /* Hauora-Regular.ttf in Resources */,
				711077FA2CE8CDAE00051FF8 /* Fontspring-DEMO-rocgroteskextrawide-medium.otf in Resources */,
				711078002CE8CDD500051FF8 /* Hauora-Medium.ttf in Resources */,
				711077EA2CE8CC1D00051FF8 /* Assets.xcassets in Resources */,
				71592F592CF8D9CF00EC43E4 /* Unbounded-ExtraBold.ttf in Resources */,
				71592F572CF8D9CF00EC43E4 /* Unbounded-ExtraLight.ttf in Resources */,
				711077F82CE8CDAE00051FF8 /* Fontspring-DEMO-rocgroteskextrawide-regular.otf in Resources */,
				71592F5A2CF8D9CF00EC43E4 /* Unbounded-Medium.ttf in Resources */,
				71592F552CF8D9CF00EC43E4 /* Unbounded-Bold.ttf in Resources */,
				71592F582CF8D9CF00EC43E4 /* Unbounded-Regular.ttf in Resources */,
				711078102CE8D5C900051FF8 /* Hauora-Light.ttf in Resources */,
				71592F562CF8D9CF00EC43E4 /* Unbounded-Light.ttf in Resources */,
				71592F5B2CF8D9CF00EC43E4 /* Unbounded-Black.ttf in Resources */,
				71592F542CF8D9CF00EC43E4 /* Unbounded-SemiBold.ttf in Resources */,
				711077F92CE8CDAE00051FF8 /* Fontspring-DEMO-rocgroteskextrawide-extrabold.otf in Resources */,
			);
			runOnlyForDeploymentPostprocessing = 0;
		};
/* End PBXResourcesBuildPhase section */

/* Begin PBXSourcesBuildPhase section */
		711077DE2CE8CC1A00051FF8 /* Sources */ = {
			isa = PBXSourcesBuildPhase;
			buildActionMask = 2147483647;
			files = (
				711077E82CE8CC1A00051FF8 /* ContentView.swift in Sources */,
				711078132CE8D91300051FF8 /* MyBoard.swift in Sources */,
				711077E62CE8CC1A00051FF8 /* WishBoardApp.swift in Sources */,
			);
			runOnlyForDeploymentPostprocessing = 0;
		};
/* End PBXSourcesBuildPhase section */

/* Begin XCBuildConfiguration section */
		711077EE2CE8CC1D00051FF8 /* Debug */ = {
			isa = XCBuildConfiguration;
			buildSettings = {
				ALWAYS_SEARCH_USER_PATHS = NO;
				ASSETCATALOG_COMPILER_GENERATE_SWIFT_ASSET_SYMBOL_EXTENSIONS = YES;
				CLANG_ANALYZER_NONNULL = YES;
				CLANG_ANALYZER_NUMBER_OBJECT_CONVERSION = YES_AGGRESSIVE;
				CLANG_CXX_LANGUAGE_STANDARD = "gnu++20";
				CLANG_ENABLE_MODULES = YES;
				CLANG_ENABLE_OBJC_ARC = YES;
				CLANG_ENABLE_OBJC_WEAK = YES;
				CLANG_WARN_BLOCK_CAPTURE_AUTORELEASING = YES;
				CLANG_WARN_BOOL_CONVERSION = YES;
				CLANG_WARN_COMMA = YES;
				CLANG_WARN_CONSTANT_CONVERSION = YES;
				CLANG_WARN_DEPRECATED_OBJC_IMPLEMENTATIONS = YES;
				CLANG_WARN_DIRECT_OBJC_ISA_USAGE = YES_ERROR;
				CLANG_WARN_DOCUMENTATION_COMMENTS = YES;
				CLANG_WARN_EMPTY_BODY = YES;
				CLANG_WARN_ENUM_CONVERSION = YES;
				CLANG_WARN_INFINITE_RECURSION = YES;
				CLANG_WARN_INT_CONVERSION = YES;
				CLANG_WARN_NON_LITERAL_NULL_CONVERSION = YES;
				CLANG_WARN_OBJC_IMPLICIT_RETAIN_SELF = YES;
				CLANG_WARN_OBJC_LITERAL_CONVERSION = YES;
				CLANG_WARN_OBJC_ROOT_CLASS = YES_ERROR;
				CLANG_WARN_QUOTED_INCLUDE_IN_FRAMEWORK_HEADER = YES;
				CLANG_WARN_RANGE_LOOP_ANALYSIS = YES;
				CLANG_WARN_STRICT_PROTOTYPES = YES;
				CLANG_WARN_SUSPICIOUS_MOVE = YES;
				CLANG_WARN_UNGUARDED_AVAILABILITY = YES_AGGRESSIVE;
				CLANG_WARN_UNREACHABLE_CODE = YES;
				CLANG_WARN__DUPLICATE_METHOD_MATCH = YES;
				COPY_PHASE_STRIP = NO;
				DEBUG_INFORMATION_FORMAT = dwarf;
				ENABLE_STRICT_OBJC_MSGSEND = YES;
				ENABLE_TESTABILITY = YES;
				ENABLE_USER_SCRIPT_SANDBOXING = YES;
				GCC_C_LANGUAGE_STANDARD = gnu17;
				GCC_DYNAMIC_NO_PIC = NO;
				GCC_NO_COMMON_BLOCKS = YES;
				GCC_OPTIMIZATION_LEVEL = 0;
				GCC_PREPROCESSOR_DEFINITIONS = (
					"DEBUG=1",
					"$(inherited)",
				);
				GCC_WARN_64_TO_32_BIT_CONVERSION = YES;
				GCC_WARN_ABOUT_RETURN_TYPE = YES_ERROR;
				GCC_WARN_UNDECLARED_SELECTOR = YES;
				GCC_WARN_UNINITIALIZED_AUTOS = YES_AGGRESSIVE;
				GCC_WARN_UNUSED_FUNCTION = YES;
				GCC_WARN_UNUSED_VARIABLE = YES;
				IPHONEOS_DEPLOYMENT_TARGET = 17.2;
				LOCALIZATION_PREFERS_STRING_CATALOGS = YES;
				MTL_ENABLE_DEBUG_INFO = INCLUDE_SOURCE;
				MTL_FAST_MATH = YES;
				ONLY_ACTIVE_ARCH = YES;
				SDKROOT = iphoneos;
				SWIFT_ACTIVE_COMPILATION_CONDITIONS = "DEBUG $(inherited)";
				SWIFT_OPTIMIZATION_LEVEL = "-Onone";
			};
			name = Debug;
		};
		711077EF2CE8CC1D00051FF8 /* Release */ = {
			isa = XCBuildConfiguration;
			buildSettings = {
				ALWAYS_SEARCH_USER_PATHS = NO;
				ASSETCATALOG_COMPILER_GENERATE_SWIFT_ASSET_SYMBOL_EXTENSIONS = YES;
				CLANG_ANALYZER_NONNULL = YES;
				CLANG_ANALYZER_NUMBER_OBJECT_CONVERSION = YES_AGGRESSIVE;
				CLANG_CXX_LANGUAGE_STANDARD = "gnu++20";
				CLANG_ENABLE_MODULES = YES;
				CLANG_ENABLE_OBJC_ARC = YES;
				CLANG_ENABLE_OBJC_WEAK = YES;
				CLANG_WARN_BLOCK_CAPTURE_AUTORELEASING = YES;
				CLANG_WARN_BOOL_CONVERSION = YES;
				CLANG_WARN_COMMA = YES;
				CLANG_WARN_CONSTANT_CONVERSION = YES;
				CLANG_WARN_DEPRECATED_OBJC_IMPLEMENTATIONS = YES;
				CLANG_WARN_DIRECT_OBJC_ISA_USAGE = YES_ERROR;
				CLANG_WARN_DOCUMENTATION_COMMENTS = YES;
				CLANG_WARN_EMPTY_BODY = YES;
				CLANG_WARN_ENUM_CONVERSION = YES;
				CLANG_WARN_INFINITE_RECURSION = YES;
				CLANG_WARN_INT_CONVERSION = YES;
				CLANG_WARN_NON_LITERAL_NULL_CONVERSION = YES;
				CLANG_WARN_OBJC_IMPLICIT_RETAIN_SELF = YES;
				CLANG_WARN_OBJC_LITERAL_CONVERSION = YES;
				CLANG_WARN_OBJC_ROOT_CLASS = YES_ERROR;
				CLANG_WARN_QUOTED_INCLUDE_IN_FRAMEWORK_HEADER = YES;
				CLANG_WARN_RANGE_LOOP_ANALYSIS = YES;
				CLANG_WARN_STRICT_PROTOTYPES = YES;
				CLANG_WARN_SUSPICIOUS_MOVE = YES;
				CLANG_WARN_UNGUARDED_AVAILABILITY = YES_AGGRESSIVE;
				CLANG_WARN_UNREACHABLE_CODE = YES;
				CLANG_WARN__DUPLICATE_METHOD_MATCH = YES;
				COPY_PHASE_STRIP = NO;
				DEBUG_INFORMATION_FORMAT = "dwarf-with-dsym";
				ENABLE_NS_ASSERTIONS = NO;
				ENABLE_STRICT_OBJC_MSGSEND = YES;
				ENABLE_USER_SCRIPT_SANDBOXING = YES;
				GCC_C_LANGUAGE_STANDARD = gnu17;
				GCC_NO_COMMON_BLOCKS = YES;
				GCC_WARN_64_TO_32_BIT_CONVERSION = YES;
				GCC_WARN_ABOUT_RETURN_TYPE = YES_ERROR;
				GCC_WARN_UNDECLARED_SELECTOR = YES;
				GCC_WARN_UNINITIALIZED_AUTOS = YES_AGGRESSIVE;
				GCC_WARN_UNUSED_FUNCTION = YES;
				GCC_WARN_UNUSED_VARIABLE = YES;
				IPHONEOS_DEPLOYMENT_TARGET = 17.2;
				LOCALIZATION_PREFERS_STRING_CATALOGS = YES;
				MTL_ENABLE_DEBUG_INFO = NO;
				MTL_FAST_MATH = YES;
				SDKROOT = iphoneos;
				SWIFT_COMPILATION_MODE = wholemodule;
				VALIDATE_PRODUCT = YES;
			};
			name = Release;
		};
		711077F12CE8CC1D00051FF8 /* Debug */ = {
			isa = XCBuildConfiguration;
			buildSettings = {
				ASSETCATALOG_COMPILER_APPICON_NAME = AppIcon;
				ASSETCATALOG_COMPILER_GLOBAL_ACCENT_COLOR_NAME = AccentColor;
				CODE_SIGN_STYLE = Automatic;
				CURRENT_PROJECT_VERSION = 1;
				DEVELOPMENT_ASSET_PATHS = "\"WishBoard/Preview Content\"";
				DEVELOPMENT_TEAM = JBDPFCSGM2;
				ENABLE_PREVIEWS = YES;
				GENERATE_INFOPLIST_FILE = YES;
				INFOPLIST_FILE = WishBoard/Info.plist;
				INFOPLIST_KEY_UIApplicationSceneManifest_Generation = YES;
				INFOPLIST_KEY_UIApplicationSupportsIndirectInputEvents = YES;
				INFOPLIST_KEY_UILaunchScreen_Generation = YES;
				INFOPLIST_KEY_UISupportedInterfaceOrientations = UIInterfaceOrientationPortrait;
				INFOPLIST_KEY_UISupportedInterfaceOrientations_iPad = "UIInterfaceOrientationLandscapeLeft UIInterfaceOrientationLandscapeRight UIInterfaceOrientationPortrait UIInterfaceOrientationPortraitUpsideDown";
				LD_RUNPATH_SEARCH_PATHS = (
					"$(inherited)",
					"@executable_path/Frameworks",
				);
				MARKETING_VERSION = 1.0;
				PRODUCT_BUNDLE_IDENTIFIER = noychus.WishBoard;
				PRODUCT_NAME = "$(TARGET_NAME)";
				SUPPORTED_PLATFORMS = "iphoneos iphonesimulator";
				SUPPORTS_MACCATALYST = NO;
				SUPPORTS_MAC_DESIGNED_FOR_IPHONE_IPAD = NO;
				SUPPORTS_XR_DESIGNED_FOR_IPHONE_IPAD = NO;
				SWIFT_EMIT_LOC_STRINGS = YES;
				SWIFT_VERSION = 5.0;
				TARGETED_DEVICE_FAMILY = 1;
			};
			name = Debug;
		};
		711077F22CE8CC1D00051FF8 /* Release */ = {
			isa = XCBuildConfiguration;
			buildSettings = {
				ASSETCATALOG_COMPILER_APPICON_NAME = AppIcon;
				ASSETCATALOG_COMPILER_GLOBAL_ACCENT_COLOR_NAME = AccentColor;
				CODE_SIGN_STYLE = Automatic;
				CURRENT_PROJECT_VERSION = 1;
				DEVELOPMENT_ASSET_PATHS = "\"WishBoard/Preview Content\"";
				DEVELOPMENT_TEAM = JBDPFCSGM2;
				ENABLE_PREVIEWS = YES;
				GENERATE_INFOPLIST_FILE = YES;
				INFOPLIST_FILE = WishBoard/Info.plist;
				INFOPLIST_KEY_UIApplicationSceneManifest_Generation = YES;
				INFOPLIST_KEY_UIApplicationSupportsIndirectInputEvents = YES;
				INFOPLIST_KEY_UILaunchScreen_Generation = YES;
				INFOPLIST_KEY_UISupportedInterfaceOrientations = UIInterfaceOrientationPortrait;
				INFOPLIST_KEY_UISupportedInterfaceOrientations_iPad = "UIInterfaceOrientationLandscapeLeft UIInterfaceOrientationLandscapeRight UIInterfaceOrientationPortrait UIInterfaceOrientationPortraitUpsideDown";
				LD_RUNPATH_SEARCH_PATHS = (
					"$(inherited)",
					"@executable_path/Frameworks",
				);
				MARKETING_VERSION = 1.0;
				PRODUCT_BUNDLE_IDENTIFIER = noychus.WishBoard;
				PRODUCT_NAME = "$(TARGET_NAME)";
				SUPPORTED_PLATFORMS = "iphoneos iphonesimulator";
				SUPPORTS_MACCATALYST = NO;
				SUPPORTS_MAC_DESIGNED_FOR_IPHONE_IPAD = NO;
				SUPPORTS_XR_DESIGNED_FOR_IPHONE_IPAD = NO;
				SWIFT_EMIT_LOC_STRINGS = YES;
				SWIFT_VERSION = 5.0;
				TARGETED_DEVICE_FAMILY = 1;
			};
			name = Release;
		};
/* End XCBuildConfiguration section */

/* Begin XCConfigurationList section */
		711077DD2CE8CC1A00051FF8 /* Build configuration list for PBXProject "WishBoard" */ = {
			isa = XCConfigurationList;
			buildConfigurations = (
				711077EE2CE8CC1D00051FF8 /* Debug */,
				711077EF2CE8CC1D00051FF8 /* Release */,
			);
			defaultConfigurationIsVisible = 0;
			defaultConfigurationName = Release;
		};
		711077F02CE8CC1D00051FF8 /* Build configuration list for PBXNativeTarget "WishBoard" */ = {
			isa = XCConfigurationList;
			buildConfigurations = (
				711077F12CE8CC1D00051FF8 /* Debug */,
				711077F22CE8CC1D00051FF8 /* Release */,
			);
			defaultConfigurationIsVisible = 0;
			defaultConfigurationName = Release;
		};
/* End XCConfigurationList section */

/* Begin XCSwiftPackageProductDependency section */
		719D402E2CF9CF2E005D7CA1 /* UISystem */ = {
			isa = XCSwiftPackageProductDependency;
			productName = UISystem;
		};
/* End XCSwiftPackageProductDependency section */
	};
	rootObject = 711077DA2CE8CC1A00051FF8 /* Project object */;
}
